// !$*UTF8*$!
{
	archiveVersion = 1;
	classes = {
	};
	objectVersion = 51;
	objects = {

/* Begin PBXBuildFile section */
		780F6E0B2409D4E8008BCA1D /* TMDBCustomCell.swift in Sources */ = {isa = PBXBuildFile; fileRef = 780F6E092409D4E8008BCA1D /* TMDBCustomCell.swift */; };
		780F6E0C2409D4E8008BCA1D /* TMDBCustomCell.xib in Resources */ = {isa = PBXBuildFile; fileRef = 780F6E0A2409D4E8008BCA1D /* TMDBCustomCell.xib */; };
		78779D802409B8ED0072E3C1 /* MovieDetailViewController.swift in Sources */ = {isa = PBXBuildFile; fileRef = 78779D7D2409B8EC0072E3C1 /* MovieDetailViewController.swift */; };
		78E38B8024088481001A2BD3 /* AppDelegate.swift in Sources */ = {isa = PBXBuildFile; fileRef = 78E38B7F24088481001A2BD3 /* AppDelegate.swift */; };
		78E38B8224088481001A2BD3 /* SceneDelegate.swift in Sources */ = {isa = PBXBuildFile; fileRef = 78E38B8124088481001A2BD3 /* SceneDelegate.swift */; };
		78E38B8424088481001A2BD3 /* FirstViewController.swift in Sources */ = {isa = PBXBuildFile; fileRef = 78E38B8324088481001A2BD3 /* FirstViewController.swift */; };
		78E38B8624088481001A2BD3 /* SecondViewController.swift in Sources */ = {isa = PBXBuildFile; fileRef = 78E38B8524088481001A2BD3 /* SecondViewController.swift */; };
		78E38B8C24088481001A2BD3 /* TmdbTest.xcdatamodeld in Sources */ = {isa = PBXBuildFile; fileRef = 78E38B8A24088481001A2BD3 /* TmdbTest.xcdatamodeld */; };
		78E38B8E24088482001A2BD3 /* Assets.xcassets in Resources */ = {isa = PBXBuildFile; fileRef = 78E38B8D24088482001A2BD3 /* Assets.xcassets */; };
		78E38B9124088482001A2BD3 /* LaunchScreen.storyboard in Resources */ = {isa = PBXBuildFile; fileRef = 78E38B8F24088482001A2BD3 /* LaunchScreen.storyboard */; };
		78E38B9924088707001A2BD3 /* Podfile in Resources */ = {isa = PBXBuildFile; fileRef = 78E38B9824088707001A2BD3 /* Podfile */; };
		78E38BA124088F7B001A2BD3 /* Movie.swift in Sources */ = {isa = PBXBuildFile; fileRef = 78E38BA024088F7B001A2BD3 /* Movie.swift */; };
		78E38BA32409038C001A2BD3 /* SearchResponse.swift in Sources */ = {isa = PBXBuildFile; fileRef = 78E38BA22409038C001A2BD3 /* SearchResponse.swift */; };
		78E38BA6240991C9001A2BD3 /* Main.storyboard in Resources */ = {isa = PBXBuildFile; fileRef = 78E38BA5240991C9001A2BD3 /* Main.storyboard */; };
		78E38BA82409924D001A2BD3 /* BaseViewController.swift in Sources */ = {isa = PBXBuildFile; fileRef = 78E38BA72409924D001A2BD3 /* BaseViewController.swift */; };
		F91A49AB16CC0276EEE03A13 /* Pods_TmdbTest.framework in Frameworks */ = {isa = PBXBuildFile; fileRef = 360C0474EB7406316BF08302 /* Pods_TmdbTest.framework */; };
/* End PBXBuildFile section */

/* Begin PBXFileReference section */
		360C0474EB7406316BF08302 /* Pods_TmdbTest.framework */ = {isa = PBXFileReference; explicitFileType = wrapper.framework; includeInIndex = 0; path = Pods_TmdbTest.framework; sourceTree = BUILT_PRODUCTS_DIR; };
		54CA9EDED94B6CC5FEAA34AE /* Pods-TmdbTest.release.xcconfig */ = {isa = PBXFileReference; includeInIndex = 1; lastKnownFileType = text.xcconfig; name = "Pods-TmdbTest.release.xcconfig"; path = "Target Support Files/Pods-TmdbTest/Pods-TmdbTest.release.xcconfig"; sourceTree = "<group>"; };
		780F6E092409D4E8008BCA1D /* TMDBCustomCell.swift */ = {isa = PBXFileReference; lastKnownFileType = sourcecode.swift; path = TMDBCustomCell.swift; sourceTree = "<group>"; };
		780F6E0A2409D4E8008BCA1D /* TMDBCustomCell.xib */ = {isa = PBXFileReference; lastKnownFileType = file.xib; path = TMDBCustomCell.xib; sourceTree = "<group>"; };
		78779D7D2409B8EC0072E3C1 /* MovieDetailViewController.swift */ = {isa = PBXFileReference; fileEncoding = 4; lastKnownFileType = sourcecode.swift; path = MovieDetailViewController.swift; sourceTree = "<group>"; };
		78E38B7C24088481001A2BD3 /* TmdbTest.app */ = {isa = PBXFileReference; explicitFileType = wrapper.application; includeInIndex = 0; path = TmdbTest.app; sourceTree = BUILT_PRODUCTS_DIR; };
		78E38B7F24088481001A2BD3 /* AppDelegate.swift */ = {isa = PBXFileReference; lastKnownFileType = sourcecode.swift; path = AppDelegate.swift; sourceTree = "<group>"; };
		78E38B8124088481001A2BD3 /* SceneDelegate.swift */ = {isa = PBXFileReference; lastKnownFileType = sourcecode.swift; path = SceneDelegate.swift; sourceTree = "<group>"; };
		78E38B8324088481001A2BD3 /* FirstViewController.swift */ = {isa = PBXFileReference; lastKnownFileType = sourcecode.swift; path = FirstViewController.swift; sourceTree = "<group>"; };
		78E38B8524088481001A2BD3 /* SecondViewController.swift */ = {isa = PBXFileReference; lastKnownFileType = sourcecode.swift; path = SecondViewController.swift; sourceTree = "<group>"; };
		78E38B8B24088481001A2BD3 /* TmdbTest.xcdatamodel */ = {isa = PBXFileReference; lastKnownFileType = wrapper.xcdatamodel; path = TmdbTest.xcdatamodel; sourceTree = "<group>"; };
		78E38B8D24088482001A2BD3 /* Assets.xcassets */ = {isa = PBXFileReference; lastKnownFileType = folder.assetcatalog; path = Assets.xcassets; sourceTree = "<group>"; };
		78E38B9024088482001A2BD3 /* Base */ = {isa = PBXFileReference; lastKnownFileType = file.storyboard; name = Base; path = Base.lproj/LaunchScreen.storyboard; sourceTree = "<group>"; };
		78E38B9224088482001A2BD3 /* Info.plist */ = {isa = PBXFileReference; lastKnownFileType = text.plist.xml; path = Info.plist; sourceTree = "<group>"; };
		78E38B9824088707001A2BD3 /* Podfile */ = {isa = PBXFileReference; fileEncoding = 4; lastKnownFileType = text; path = Podfile; sourceTree = SOURCE_ROOT; xcLanguageSpecificationIdentifier = xcode.lang.ruby; };
		78E38BA024088F7B001A2BD3 /* Movie.swift */ = {isa = PBXFileReference; lastKnownFileType = sourcecode.swift; path = Movie.swift; sourceTree = "<group>"; };
		78E38BA22409038C001A2BD3 /* SearchResponse.swift */ = {isa = PBXFileReference; lastKnownFileType = sourcecode.swift; path = SearchResponse.swift; sourceTree = "<group>"; };
		78E38BA5240991C9001A2BD3 /* Main.storyboard */ = {isa = PBXFileReference; fileEncoding = 4; lastKnownFileType = file.storyboard; path = Main.storyboard; sourceTree = "<group>"; };
		78E38BA72409924D001A2BD3 /* BaseViewController.swift */ = {isa = PBXFileReference; lastKnownFileType = sourcecode.swift; path = BaseViewController.swift; sourceTree = "<group>"; };
		CF5F5832F9A494DF00A960AC /* Pods-TmdbTest.debug.xcconfig */ = {isa = PBXFileReference; includeInIndex = 1; lastKnownFileType = text.xcconfig; name = "Pods-TmdbTest.debug.xcconfig"; path = "Target Support Files/Pods-TmdbTest/Pods-TmdbTest.debug.xcconfig"; sourceTree = "<group>"; };
/* End PBXFileReference section */

/* Begin PBXFrameworksBuildPhase section */
		78E38B7924088481001A2BD3 /* Frameworks */ = {
			isa = PBXFrameworksBuildPhase;
			buildActionMask = 2147483647;
			files = (
				F91A49AB16CC0276EEE03A13 /* Pods_TmdbTest.framework in Frameworks */,
			);
			runOnlyForDeploymentPostprocessing = 0;
		};
/* End PBXFrameworksBuildPhase section */

/* Begin PBXGroup section */
		383DA30927E260816F69C44B /* Frameworks */ = {
			isa = PBXGroup;
			children = (
				360C0474EB7406316BF08302 /* Pods_TmdbTest.framework */,
			);
			name = Frameworks;
			sourceTree = "<group>";
		};
		78779D832409BC920072E3C1 /* Views */ = {
			isa = PBXGroup;
			children = (
				780F6E092409D4E8008BCA1D /* TMDBCustomCell.swift */,
				780F6E0A2409D4E8008BCA1D /* TMDBCustomCell.xib */,
			);
			path = Views;
			sourceTree = "<group>";
		};
		78E38B7324088481001A2BD3 = {
			isa = PBXGroup;
			children = (
				78779D832409BC920072E3C1 /* Views */,
				78E38B9C24088A44001A2BD3 /* Models */,
				78E38B9B24088A21001A2BD3 /* Data */,
				78E38B9A24088A02001A2BD3 /* ViewControllers */,
				78E38B7E24088481001A2BD3 /* TmdbTest */,
				78E38B7D24088481001A2BD3 /* Products */,
				8D329C85671BC0F4EAF9CF02 /* Pods */,
				383DA30927E260816F69C44B /* Frameworks */,
			);
			sourceTree = "<group>";
		};
		78E38B7D24088481001A2BD3 /* Products */ = {
			isa = PBXGroup;
			children = (
				78E38B7C24088481001A2BD3 /* TmdbTest.app */,
			);
			name = Products;
			sourceTree = "<group>";
		};
		78E38B7E24088481001A2BD3 /* TmdbTest */ = {
			isa = PBXGroup;
			children = (
				78E38BA5240991C9001A2BD3 /* Main.storyboard */,
				78E38B9824088707001A2BD3 /* Podfile */,
				78E38B7F24088481001A2BD3 /* AppDelegate.swift */,
				78E38B8124088481001A2BD3 /* SceneDelegate.swift */,
				78E38B9224088482001A2BD3 /* Info.plist */,
				78E38B8D24088482001A2BD3 /* Assets.xcassets */,
				78E38B8F24088482001A2BD3 /* LaunchScreen.storyboard */,
			);
			path = TmdbTest;
			sourceTree = "<group>";
		};
		78E38B9A24088A02001A2BD3 /* ViewControllers */ = {
			isa = PBXGroup;
			children = (
				78779D7D2409B8EC0072E3C1 /* MovieDetailViewController.swift */,
				78E38B8324088481001A2BD3 /* FirstViewController.swift */,
				78E38B8524088481001A2BD3 /* SecondViewController.swift */,
				78E38BA72409924D001A2BD3 /* BaseViewController.swift */,
			);
			path = ViewControllers;
			sourceTree = "<group>";
		};
		78E38B9B24088A21001A2BD3 /* Data */ = {
			isa = PBXGroup;
			children = (
				78E38B8A24088481001A2BD3 /* TmdbTest.xcdatamodeld */,
			);
			path = Data;
			sourceTree = "<group>";
		};
		78E38B9C24088A44001A2BD3 /* Models */ = {
			isa = PBXGroup;
			children = (
				78E38BA024088F7B001A2BD3 /* Movie.swift */,
				78E38BA22409038C001A2BD3 /* SearchResponse.swift */,
			);
			path = Models;
			sourceTree = "<group>";
		};
		8D329C85671BC0F4EAF9CF02 /* Pods */ = {
			isa = PBXGroup;
			children = (
				CF5F5832F9A494DF00A960AC /* Pods-TmdbTest.debug.xcconfig */,
				54CA9EDED94B6CC5FEAA34AE /* Pods-TmdbTest.release.xcconfig */,
			);
			path = Pods;
			sourceTree = "<group>";
		};
/* End PBXGroup section */

/* Begin PBXNativeTarget section */
		78E38B7B24088481001A2BD3 /* TmdbTest */ = {
			isa = PBXNativeTarget;
			buildConfigurationList = 78E38B9524088482001A2BD3 /* Build configuration list for PBXNativeTarget "TmdbTest" */;
			buildPhases = (
				CBA362C71353F20CED8FC3B2 /* [CP] Check Pods Manifest.lock */,
				78E38B7824088481001A2BD3 /* Sources */,
				78E38B7924088481001A2BD3 /* Frameworks */,
				78E38B7A24088481001A2BD3 /* Resources */,
				596E6AF295DE65B64F412A32 /* [CP] Embed Pods Frameworks */,
			);
			buildRules = (
			);
			dependencies = (
			);
			name = TmdbTest;
			productName = TmdbTest;
			productReference = 78E38B7C24088481001A2BD3 /* TmdbTest.app */;
			productType = "com.apple.product-type.application";
		};
/* End PBXNativeTarget section */

/* Begin PBXProject section */
		78E38B7424088481001A2BD3 /* Project object */ = {
			isa = PBXProject;
			attributes = {
				LastSwiftUpdateCheck = 1130;
				LastUpgradeCheck = 1130;
				ORGANIZATIONNAME = "Joaquin Cubero";
				TargetAttributes = {
					78E38B7B24088481001A2BD3 = {
						CreatedOnToolsVersion = 11.3.1;
					};
				};
			};
			buildConfigurationList = 78E38B7724088481001A2BD3 /* Build configuration list for PBXProject "TmdbTest" */;
			compatibilityVersion = "Xcode 9.3";
			developmentRegion = en;
			hasScannedForEncodings = 0;
			knownRegions = (
				en,
				Base,
			);
			mainGroup = 78E38B7324088481001A2BD3;
			productRefGroup = 78E38B7D24088481001A2BD3 /* Products */;
			projectDirPath = "";
			projectRoot = "";
			targets = (
				78E38B7B24088481001A2BD3 /* TmdbTest */,
			);
		};
/* End PBXProject section */

/* Begin PBXResourcesBuildPhase section */
		78E38B7A24088481001A2BD3 /* Resources */ = {
			isa = PBXResourcesBuildPhase;
			buildActionMask = 2147483647;
			files = (
				78E38B9124088482001A2BD3 /* LaunchScreen.storyboard in Resources */,
				78E38B8E24088482001A2BD3 /* Assets.xcassets in Resources */,
				78E38B9924088707001A2BD3 /* Podfile in Resources */,
				78E38BA6240991C9001A2BD3 /* Main.storyboard in Resources */,
				780F6E0C2409D4E8008BCA1D /* TMDBCustomCell.xib in Resources */,
			);
			runOnlyForDeploymentPostprocessing = 0;
		};
/* End PBXResourcesBuildPhase section */

/* Begin PBXShellScriptBuildPhase section */
		596E6AF295DE65B64F412A32 /* [CP] Embed Pods Frameworks */ = {
			isa = PBXShellScriptBuildPhase;
			buildActionMask = 2147483647;
			files = (
			);
			inputFileListPaths = (
				"${PODS_ROOT}/Target Support Files/Pods-TmdbTest/Pods-TmdbTest-frameworks-${CONFIGURATION}-input-files.xcfilelist",
			);
			name = "[CP] Embed Pods Frameworks";
			outputFileListPaths = (
				"${PODS_ROOT}/Target Support Files/Pods-TmdbTest/Pods-TmdbTest-frameworks-${CONFIGURATION}-output-files.xcfilelist",
			);
			runOnlyForDeploymentPostprocessing = 0;
			shellPath = /bin/sh;
			shellScript = "\"${PODS_ROOT}/Target Support Files/Pods-TmdbTest/Pods-TmdbTest-frameworks.sh\"\n";
			showEnvVarsInLog = 0;
		};
		CBA362C71353F20CED8FC3B2 /* [CP] Check Pods Manifest.lock */ = {
			isa = PBXShellScriptBuildPhase;
			buildActionMask = 2147483647;
			files = (
			);
			inputFileListPaths = (
			);
			inputPaths = (
				"${PODS_PODFILE_DIR_PATH}/Podfile.lock",
				"${PODS_ROOT}/Manifest.lock",
			);
			name = "[CP] Check Pods Manifest.lock";
			outputFileListPaths = (
			);
			outputPaths = (
				"$(DERIVED_FILE_DIR)/Pods-TmdbTest-checkManifestLockResult.txt",
			);
			runOnlyForDeploymentPostprocessing = 0;
			shellPath = /bin/sh;
			shellScript = "diff \"${PODS_PODFILE_DIR_PATH}/Podfile.lock\" \"${PODS_ROOT}/Manifest.lock\" > /dev/null\nif [ $? != 0 ] ; then\n    # print error to STDERR\n    echo \"error: The sandbox is not in sync with the Podfile.lock. Run 'pod install' or update your CocoaPods installation.\" >&2\n    exit 1\nfi\n# This output is used by Xcode 'outputs' to avoid re-running this script phase.\necho \"SUCCESS\" > \"${SCRIPT_OUTPUT_FILE_0}\"\n";
			showEnvVarsInLog = 0;
		};
/* End PBXShellScriptBuildPhase section */

/* Begin PBXSourcesBuildPhase section */
		78E38B7824088481001A2BD3 /* Sources */ = {
			isa = PBXSourcesBuildPhase;
			buildActionMask = 2147483647;
			files = (
				78E38BA124088F7B001A2BD3 /* Movie.swift in Sources */,
				78E38B8624088481001A2BD3 /* SecondViewController.swift in Sources */,
				78E38B8424088481001A2BD3 /* FirstViewController.swift in Sources */,
				78E38BA32409038C001A2BD3 /* SearchResponse.swift in Sources */,
				78E38BA82409924D001A2BD3 /* BaseViewController.swift in Sources */,
				78779D802409B8ED0072E3C1 /* MovieDetailViewController.swift in Sources */,
				78E38B8024088481001A2BD3 /* AppDelegate.swift in Sources */,
				78E38B8C24088481001A2BD3 /* TmdbTest.xcdatamodeld in Sources */,
				78E38B8224088481001A2BD3 /* SceneDelegate.swift in Sources */,
				780F6E0B2409D4E8008BCA1D /* TMDBCustomCell.swift in Sources */,
			);
			runOnlyForDeploymentPostprocessing = 0;
		};
/* End PBXSourcesBuildPhase section */

/* Begin PBXVariantGroup section */
		78E38B8F24088482001A2BD3 /* LaunchScreen.storyboard */ = {
			isa = PBXVariantGroup;
			children = (
				78E38B9024088482001A2BD3 /* Base */,
			);
			name = LaunchScreen.storyboard;
			sourceTree = "<group>";
		};
/* End PBXVariantGroup section */

/* Begin XCBuildConfiguration section */
		78E38B9324088482001A2BD3 /* Debug */ = {
			isa = XCBuildConfiguration;
			buildSettings = {
				ALWAYS_SEARCH_USER_PATHS = NO;
				CLANG_ANALYZER_NONNULL = YES;
				CLANG_ANALYZER_NUMBER_OBJECT_CONVERSION = YES_AGGRESSIVE;
				CLANG_CXX_LANGUAGE_STANDARD = "gnu++14";
				CLANG_CXX_LIBRARY = "libc++";
				CLANG_ENABLE_MODULES = YES;
				CLANG_ENABLE_OBJC_ARC = YES;
				CLANG_ENABLE_OBJC_WEAK = YES;
				CLANG_WARN_BLOCK_CAPTURE_AUTORELEASING = YES;
				CLANG_WARN_BOOL_CONVERSION = YES;
				CLANG_WARN_COMMA = YES;
				CLANG_WARN_CONSTANT_CONVERSION = YES;
				CLANG_WARN_DEPRECATED_OBJC_IMPLEMENTATIONS = YES;
				CLANG_WARN_DIRECT_OBJC_ISA_USAGE = YES_ERROR;
				CLANG_WARN_DOCUMENTATION_COMMENTS = YES;
				CLANG_WARN_EMPTY_BODY = YES;
				CLANG_WARN_ENUM_CONVERSION = YES;
				CLANG_WARN_INFINITE_RECURSION = YES;
				CLANG_WARN_INT_CONVERSION = YES;
				CLANG_WARN_NON_LITERAL_NULL_CONVERSION = YES;
				CLANG_WARN_OBJC_IMPLICIT_RETAIN_SELF = YES;
				CLANG_WARN_OBJC_LITERAL_CONVERSION = YES;
				CLANG_WARN_OBJC_ROOT_CLASS = YES_ERROR;
				CLANG_WARN_RANGE_LOOP_ANALYSIS = YES;
				CLANG_WARN_STRICT_PROTOTYPES = YES;
				CLANG_WARN_SUSPICIOUS_MOVE = YES;
				CLANG_WARN_UNGUARDED_AVAILABILITY = YES_AGGRESSIVE;
				CLANG_WARN_UNREACHABLE_CODE = YES;
				CLANG_WARN__DUPLICATE_METHOD_MATCH = YES;
				COPY_PHASE_STRIP = NO;
				DEBUG_INFORMATION_FORMAT = dwarf;
				ENABLE_STRICT_OBJC_MSGSEND = YES;
				ENABLE_TESTABILITY = YES;
				GCC_C_LANGUAGE_STANDARD = gnu11;
				GCC_DYNAMIC_NO_PIC = NO;
				GCC_NO_COMMON_BLOCKS = YES;
				GCC_OPTIMIZATION_LEVEL = 0;
				GCC_PREPROCESSOR_DEFINITIONS = (
					"DEBUG=1",
					"$(inherited)",
				);
				GCC_WARN_64_TO_32_BIT_CONVERSION = YES;
				GCC_WARN_ABOUT_RETURN_TYPE = YES_ERROR;
				GCC_WARN_UNDECLARED_SELECTOR = YES;
				GCC_WARN_UNINITIALIZED_AUTOS = YES_AGGRESSIVE;
				GCC_WARN_UNUSED_FUNCTION = YES;
				GCC_WARN_UNUSED_VARIABLE = YES;
				IPHONEOS_DEPLOYMENT_TARGET = 13.2;
				MTL_ENABLE_DEBUG_INFO = INCLUDE_SOURCE;
				MTL_FAST_MATH = YES;
				ONLY_ACTIVE_ARCH = YES;
				SDKROOT = iphoneos;
				SWIFT_ACTIVE_COMPILATION_CONDITIONS = DEBUG;
				SWIFT_OPTIMIZATION_LEVEL = "-Onone";
			};
			name = Debug;
		};
		78E38B9424088482001A2BD3 /* Release */ = {
			isa = XCBuildConfiguration;
			buildSettings = {
				ALWAYS_SEARCH_USER_PATHS = NO;
				CLANG_ANALYZER_NONNULL = YES;
				CLANG_ANALYZER_NUMBER_OBJECT_CONVERSION = YES_AGGRESSIVE;
				CLANG_CXX_LANGUAGE_STANDARD = "gnu++14";
				CLANG_CXX_LIBRARY = "libc++";
				CLANG_ENABLE_MODULES = YES;
				CLANG_ENABLE_OBJC_ARC = YES;
				CLANG_ENABLE_OBJC_WEAK = YES;
				CLANG_WARN_BLOCK_CAPTURE_AUTORELEASING = YES;
				CLANG_WARN_BOOL_CONVERSION = YES;
				CLANG_WARN_COMMA = YES;
				CLANG_WARN_CONSTANT_CONVERSION = YES;
				CLANG_WARN_DEPRECATED_OBJC_IMPLEMENTATIONS = YES;
				CLANG_WARN_DIRECT_OBJC_ISA_USAGE = YES_ERROR;
				CLANG_WARN_DOCUMENTATION_COMMENTS = YES;
				CLANG_WARN_EMPTY_BODY = YES;
				CLANG_WARN_ENUM_CONVERSION = YES;
				CLANG_WARN_INFINITE_RECURSION = YES;
				CLANG_WARN_INT_CONVERSION = YES;
				CLANG_WARN_NON_LITERAL_NULL_CONVERSION = YES;
				CLANG_WARN_OBJC_IMPLICIT_RETAIN_SELF = YES;
				CLANG_WARN_OBJC_LITERAL_CONVERSION = YES;
				CLANG_WARN_OBJC_ROOT_CLASS = YES_ERROR;
				CLANG_WARN_RANGE_LOOP_ANALYSIS = YES;
				CLANG_WARN_STRICT_PROTOTYPES = YES;
				CLANG_WARN_SUSPICIOUS_MOVE = YES;
				CLANG_WARN_UNGUARDED_AVAILABILITY = YES_AGGRESSIVE;
				CLANG_WARN_UNREACHABLE_CODE = YES;
				CLANG_WARN__DUPLICATE_METHOD_MATCH = YES;
				COPY_PHASE_STRIP = NO;
				DEBUG_INFORMATION_FORMAT = "dwarf-with-dsym";
				ENABLE_NS_ASSERTIONS = NO;
				ENABLE_STRICT_OBJC_MSGSEND = YES;
				GCC_C_LANGUAGE_STANDARD = gnu11;
				GCC_NO_COMMON_BLOCKS = YES;
				GCC_WARN_64_TO_32_BIT_CONVERSION = YES;
				GCC_WARN_ABOUT_RETURN_TYPE = YES_ERROR;
				GCC_WARN_UNDECLARED_SELECTOR = YES;
				GCC_WARN_UNINITIALIZED_AUTOS = YES_AGGRESSIVE;
				GCC_WARN_UNUSED_FUNCTION = YES;
				GCC_WARN_UNUSED_VARIABLE = YES;
				IPHONEOS_DEPLOYMENT_TARGET = 13.2;
				MTL_ENABLE_DEBUG_INFO = NO;
				MTL_FAST_MATH = YES;
				SDKROOT = iphoneos;
				SWIFT_COMPILATION_MODE = wholemodule;
				SWIFT_OPTIMIZATION_LEVEL = "-O";
				VALIDATE_PRODUCT = YES;
			};
			name = Release;
		};
		78E38B9624088482001A2BD3 /* Debug */ = {
			isa = XCBuildConfiguration;
			baseConfigurationReference = CF5F5832F9A494DF00A960AC /* Pods-TmdbTest.debug.xcconfig */;
			buildSettings = {
				ASSETCATALOG_COMPILER_APPICON_NAME = AppIcon;
				CODE_SIGN_STYLE = Automatic;
				DEVELOPMENT_TEAM = X3F92EFW89;
				INFOPLIST_FILE = TmdbTest/Info.plist;
				LD_RUNPATH_SEARCH_PATHS = (
					"$(inherited)",
					"@executable_path/Frameworks",
				);
				PRODUCT_BUNDLE_IDENTIFIER = com.cubero.TmdbTest;
				PRODUCT_NAME = "$(TARGET_NAME)";
				SWIFT_VERSION = 5.0;
				TARGETED_DEVICE_FAMILY = 1;
			};
			name = Debug;
		};
		78E38B9724088482001A2BD3 /* Release */ = {
			isa = XCBuildConfiguration;
			baseConfigurationReference = 54CA9EDED94B6CC5FEAA34AE /* Pods-TmdbTest.release.xcconfig */;
			buildSettings = {
				ASSETCATALOG_COMPILER_APPICON_NAME = AppIcon;
				CODE_SIGN_STYLE = Automatic;
				DEVELOPMENT_TEAM = X3F92EFW89;
				INFOPLIST_FILE = TmdbTest/Info.plist;
				LD_RUNPATH_SEARCH_PATHS = (
					"$(inherited)",
					"@executable_path/Frameworks",
				);
				PRODUCT_BUNDLE_IDENTIFIER = com.cubero.TmdbTest;
				PRODUCT_NAME = "$(TARGET_NAME)";
				SWIFT_VERSION = 5.0;
				TARGETED_DEVICE_FAMILY = 1;
			};
			name = Release;
		};
/* End XCBuildConfiguration section */

/* Begin XCConfigurationList section */
		78E38B7724088481001A2BD3 /* Build configuration list for PBXProject "TmdbTest" */ = {
			isa = XCConfigurationList;
			buildConfigurations = (
				78E38B9324088482001A2BD3 /* Debug */,
				78E38B9424088482001A2BD3 /* Release */,
			);
			defaultConfigurationIsVisible = 0;
			defaultConfigurationName = Release;
		};
		78E38B9524088482001A2BD3 /* Build configuration list for PBXNativeTarget "TmdbTest" */ = {
			isa = XCConfigurationList;
			buildConfigurations = (
				78E38B9624088482001A2BD3 /* Debug */,
				78E38B9724088482001A2BD3 /* Release */,
			);
			defaultConfigurationIsVisible = 0;
			defaultConfigurationName = Release;
		};
/* End XCConfigurationList section */

/* Begin XCVersionGroup section */
		78E38B8A24088481001A2BD3 /* TmdbTest.xcdatamodeld */ = {
			isa = XCVersionGroup;
			children = (
				78E38B8B24088481001A2BD3 /* TmdbTest.xcdatamodel */,
			);
			currentVersion = 78E38B8B24088481001A2BD3 /* TmdbTest.xcdatamodel */;
			path = TmdbTest.xcdatamodeld;
			sourceTree = "<group>";
			versionGroupType = wrapper.xcdatamodel;
		};
/* End XCVersionGroup section */
	};
	rootObject = 78E38B7424088481001A2BD3 /* Project object */;
}
